// !$*UTF8*$!
{
	archiveVersion = 1;
	classes = {
	};
	objectVersion = 55;
	objects = {

/* Begin PBXBuildFile section */
		3662FA9D2922251200F7C405 /* GoogleMapsViewController.swift in Sources */ = {isa = PBXBuildFile; fileRef = 3662FA9C2922251200F7C405 /* GoogleMapsViewController.swift */; };
		3680BA65291C981B00ADEDAE /* AppDelegate.swift in Sources */ = {isa = PBXBuildFile; fileRef = 3680BA64291C981B00ADEDAE /* AppDelegate.swift */; };
		3680BA67291C981B00ADEDAE /* SceneDelegate.swift in Sources */ = {isa = PBXBuildFile; fileRef = 3680BA66291C981B00ADEDAE /* SceneDelegate.swift */; };
		3680BA6C291C981B00ADEDAE /* Main.storyboard in Resources */ = {isa = PBXBuildFile; fileRef = 3680BA6A291C981B00ADEDAE /* Main.storyboard */; };
		3680BA6E291C981D00ADEDAE /* Assets.xcassets in Resources */ = {isa = PBXBuildFile; fileRef = 3680BA6D291C981D00ADEDAE /* Assets.xcassets */; };
		3680BA71291C981D00ADEDAE /* LaunchScreen.storyboard in Resources */ = {isa = PBXBuildFile; fileRef = 3680BA6F291C981D00ADEDAE /* LaunchScreen.storyboard */; };
		3680BA7C291C981D00ADEDAE /* StartGpsTests.swift in Sources */ = {isa = PBXBuildFile; fileRef = 3680BA7B291C981D00ADEDAE /* StartGpsTests.swift */; };
		3680BA86291C981E00ADEDAE /* StartGpsUITests.swift in Sources */ = {isa = PBXBuildFile; fileRef = 3680BA85291C981E00ADEDAE /* StartGpsUITests.swift */; };
		3680BA88291C981E00ADEDAE /* StartGpsUITestsLaunchTests.swift in Sources */ = {isa = PBXBuildFile; fileRef = 3680BA87291C981E00ADEDAE /* StartGpsUITestsLaunchTests.swift */; };
		36ECD29F2922113100F59F05 /* LocationData.json in Resources */ = {isa = PBXBuildFile; fileRef = 36ECD29E2922113000F59F05 /* LocationData.json */; };
		36ECD2A12922115900F59F05 /* ModelPath.swift in Sources */ = {isa = PBXBuildFile; fileRef = 36ECD2A02922115900F59F05 /* ModelPath.swift */; };
		36ECD2A32922117C00F59F05 /* MapPathViewModel.swift in Sources */ = {isa = PBXBuildFile; fileRef = 36ECD2A22922117C00F59F05 /* MapPathViewModel.swift */; };
		B8D2A4634461642B133CFCD0 /* Pods_StartGpsTests.framework in Frameworks */ = {isa = PBXBuildFile; fileRef = CC2877048A05C250E035552E /* Pods_StartGpsTests.framework */; };
		E043B99E7B51BD70847278EB /* Pods_StartGps.framework in Frameworks */ = {isa = PBXBuildFile; fileRef = E860F5AD8273FE67B4AB5495 /* Pods_StartGps.framework */; };
		E7685D7472870C054144308F /* Pods_StartGps_StartGpsUITests.framework in Frameworks */ = {isa = PBXBuildFile; fileRef = FF8ABEEA9DCCCE3930A0D6BF /* Pods_StartGps_StartGpsUITests.framework */; };
/* End PBXBuildFile section */

/* Begin PBXContainerItemProxy section */
		3680BA78291C981D00ADEDAE /* PBXContainerItemProxy */ = {
			isa = PBXContainerItemProxy;
			containerPortal = 3680BA59291C981B00ADEDAE /* Project object */;
			proxyType = 1;
			remoteGlobalIDString = 3680BA60291C981B00ADEDAE;
			remoteInfo = StartGps;
		};
		3680BA82291C981E00ADEDAE /* PBXContainerItemProxy */ = {
			isa = PBXContainerItemProxy;
			containerPortal = 3680BA59291C981B00ADEDAE /* Project object */;
			proxyType = 1;
			remoteGlobalIDString = 3680BA60291C981B00ADEDAE;
			remoteInfo = StartGps;
		};
/* End PBXContainerItemProxy section */

/* Begin PBXFileReference section */
		196856C5D4706EF7EE28C0B3 /* Pods-StartGps.debug.xcconfig */ = {isa = PBXFileReference; includeInIndex = 1; lastKnownFileType = text.xcconfig; name = "Pods-StartGps.debug.xcconfig"; path = "Target Support Files/Pods-StartGps/Pods-StartGps.debug.xcconfig"; sourceTree = "<group>"; };
		3662FA9C2922251200F7C405 /* GoogleMapsViewController.swift */ = {isa = PBXFileReference; lastKnownFileType = sourcecode.swift; path = GoogleMapsViewController.swift; sourceTree = "<group>"; };
		3680BA61291C981B00ADEDAE /* StartGps.app */ = {isa = PBXFileReference; explicitFileType = wrapper.application; includeInIndex = 0; path = StartGps.app; sourceTree = BUILT_PRODUCTS_DIR; };
		3680BA64291C981B00ADEDAE /* AppDelegate.swift */ = {isa = PBXFileReference; lastKnownFileType = sourcecode.swift; path = AppDelegate.swift; sourceTree = "<group>"; };
		3680BA66291C981B00ADEDAE /* SceneDelegate.swift */ = {isa = PBXFileReference; lastKnownFileType = sourcecode.swift; path = SceneDelegate.swift; sourceTree = "<group>"; };
		3680BA6B291C981B00ADEDAE /* Base */ = {isa = PBXFileReference; lastKnownFileType = file.storyboard; name = Base; path = Base.lproj/Main.storyboard; sourceTree = "<group>"; };
		3680BA6D291C981D00ADEDAE /* Assets.xcassets */ = {isa = PBXFileReference; lastKnownFileType = folder.assetcatalog; path = Assets.xcassets; sourceTree = "<group>"; };
		3680BA70291C981D00ADEDAE /* Base */ = {isa = PBXFileReference; lastKnownFileType = file.storyboard; name = Base; path = Base.lproj/LaunchScreen.storyboard; sourceTree = "<group>"; };
		3680BA72291C981D00ADEDAE /* Info.plist */ = {isa = PBXFileReference; lastKnownFileType = text.plist.xml; path = Info.plist; sourceTree = "<group>"; };
		3680BA77291C981D00ADEDAE /* StartGpsTests.xctest */ = {isa = PBXFileReference; explicitFileType = wrapper.cfbundle; includeInIndex = 0; path = StartGpsTests.xctest; sourceTree = BUILT_PRODUCTS_DIR; };
		3680BA7B291C981D00ADEDAE /* StartGpsTests.swift */ = {isa = PBXFileReference; lastKnownFileType = sourcecode.swift; path = StartGpsTests.swift; sourceTree = "<group>"; };
		3680BA81291C981E00ADEDAE /* StartGpsUITests.xctest */ = {isa = PBXFileReference; explicitFileType = wrapper.cfbundle; includeInIndex = 0; path = StartGpsUITests.xctest; sourceTree = BUILT_PRODUCTS_DIR; };
		3680BA85291C981E00ADEDAE /* StartGpsUITests.swift */ = {isa = PBXFileReference; lastKnownFileType = sourcecode.swift; path = StartGpsUITests.swift; sourceTree = "<group>"; };
		3680BA87291C981E00ADEDAE /* StartGpsUITestsLaunchTests.swift */ = {isa = PBXFileReference; lastKnownFileType = sourcecode.swift; path = StartGpsUITestsLaunchTests.swift; sourceTree = "<group>"; };
		36ECD29E2922113000F59F05 /* LocationData.json */ = {isa = PBXFileReference; lastKnownFileType = text.json; path = LocationData.json; sourceTree = "<group>"; };
		36ECD2A02922115900F59F05 /* ModelPath.swift */ = {isa = PBXFileReference; lastKnownFileType = sourcecode.swift; path = ModelPath.swift; sourceTree = "<group>"; };
		36ECD2A22922117C00F59F05 /* MapPathViewModel.swift */ = {isa = PBXFileReference; lastKnownFileType = sourcecode.swift; path = MapPathViewModel.swift; sourceTree = "<group>"; };
		4C7D09FBACCD398290813475 /* Pods-StartGps-StartGpsUITests.release.xcconfig */ = {isa = PBXFileReference; includeInIndex = 1; lastKnownFileType = text.xcconfig; name = "Pods-StartGps-StartGpsUITests.release.xcconfig"; path = "Target Support Files/Pods-StartGps-StartGpsUITests/Pods-StartGps-StartGpsUITests.release.xcconfig"; sourceTree = "<group>"; };
		5868092D6DFE5334F8CC01E2 /* Pods-StartGps.release.xcconfig */ = {isa = PBXFileReference; includeInIndex = 1; lastKnownFileType = text.xcconfig; name = "Pods-StartGps.release.xcconfig"; path = "Target Support Files/Pods-StartGps/Pods-StartGps.release.xcconfig"; sourceTree = "<group>"; };
		8428176062DDE6F20D7A5ED8 /* Pods-StartGpsTests.release.xcconfig */ = {isa = PBXFileReference; includeInIndex = 1; lastKnownFileType = text.xcconfig; name = "Pods-StartGpsTests.release.xcconfig"; path = "Target Support Files/Pods-StartGpsTests/Pods-StartGpsTests.release.xcconfig"; sourceTree = "<group>"; };
		A6586E6ADDA7E04D37B56CCB /* Pods-StartGps-StartGpsUITests.debug.xcconfig */ = {isa = PBXFileReference; includeInIndex = 1; lastKnownFileType = text.xcconfig; name = "Pods-StartGps-StartGpsUITests.debug.xcconfig"; path = "Target Support Files/Pods-StartGps-StartGpsUITests/Pods-StartGps-StartGpsUITests.debug.xcconfig"; sourceTree = "<group>"; };
		AB9AAB201468845C53577100 /* Pods-StartGpsTests.debug.xcconfig */ = {isa = PBXFileReference; includeInIndex = 1; lastKnownFileType = text.xcconfig; name = "Pods-StartGpsTests.debug.xcconfig"; path = "Target Support Files/Pods-StartGpsTests/Pods-StartGpsTests.debug.xcconfig"; sourceTree = "<group>"; };
		CC2877048A05C250E035552E /* Pods_StartGpsTests.framework */ = {isa = PBXFileReference; explicitFileType = wrapper.framework; includeInIndex = 0; path = Pods_StartGpsTests.framework; sourceTree = BUILT_PRODUCTS_DIR; };
		E860F5AD8273FE67B4AB5495 /* Pods_StartGps.framework */ = {isa = PBXFileReference; explicitFileType = wrapper.framework; includeInIndex = 0; path = Pods_StartGps.framework; sourceTree = BUILT_PRODUCTS_DIR; };
		FF8ABEEA9DCCCE3930A0D6BF /* Pods_StartGps_StartGpsUITests.framework */ = {isa = PBXFileReference; explicitFileType = wrapper.framework; includeInIndex = 0; path = Pods_StartGps_StartGpsUITests.framework; sourceTree = BUILT_PRODUCTS_DIR; };
/* End PBXFileReference section */

/* Begin PBXFrameworksBuildPhase section */
		3680BA5E291C981B00ADEDAE /* Frameworks */ = {
			isa = PBXFrameworksBuildPhase;
			buildActionMask = 2147483647;
			files = (
				E043B99E7B51BD70847278EB /* Pods_StartGps.framework in Frameworks */,
			);
			runOnlyForDeploymentPostprocessing = 0;
		};
		3680BA74291C981D00ADEDAE /* Frameworks */ = {
			isa = PBXFrameworksBuildPhase;
			buildActionMask = 2147483647;
			files = (
				B8D2A4634461642B133CFCD0 /* Pods_StartGpsTests.framework in Frameworks */,
			);
			runOnlyForDeploymentPostprocessing = 0;
		};
		3680BA7E291C981E00ADEDAE /* Frameworks */ = {
			isa = PBXFrameworksBuildPhase;
			buildActionMask = 2147483647;
			files = (
				E7685D7472870C054144308F /* Pods_StartGps_StartGpsUITests.framework in Frameworks */,
			);
			runOnlyForDeploymentPostprocessing = 0;
		};
/* End PBXFrameworksBuildPhase section */

/* Begin PBXGroup section */
		3680BA58291C981B00ADEDAE = {
			isa = PBXGroup;
			children = (
				3680BA63291C981B00ADEDAE /* StartGps */,
				3680BA7A291C981D00ADEDAE /* StartGpsTests */,
				3680BA84291C981E00ADEDAE /* StartGpsUITests */,
				3680BA62291C981B00ADEDAE /* Products */,
				963BADE6CFA4EA18F2AA23F0 /* Pods */,
				3967C67A25EBCB45785C7FBC /* Frameworks */,
			);
			sourceTree = "<group>";
		};
		3680BA62291C981B00ADEDAE /* Products */ = {
			isa = PBXGroup;
			children = (
				3680BA61291C981B00ADEDAE /* StartGps.app */,
				3680BA77291C981D00ADEDAE /* StartGpsTests.xctest */,
				3680BA81291C981E00ADEDAE /* StartGpsUITests.xctest */,
			);
			name = Products;
			sourceTree = "<group>";
		};
		3680BA63291C981B00ADEDAE /* StartGps */ = {
			isa = PBXGroup;
			children = (
				3680BA64291C981B00ADEDAE /* AppDelegate.swift */,
				3680BA66291C981B00ADEDAE /* SceneDelegate.swift */,
				3680BA6A291C981B00ADEDAE /* Main.storyboard */,
				3680BA6D291C981D00ADEDAE /* Assets.xcassets */,
				3680BA6F291C981D00ADEDAE /* LaunchScreen.storyboard */,
				3680BA72291C981D00ADEDAE /* Info.plist */,
				36ECD29E2922113000F59F05 /* LocationData.json */,
				36ECD2A02922115900F59F05 /* ModelPath.swift */,
				36ECD2A22922117C00F59F05 /* MapPathViewModel.swift */,
				3662FA9C2922251200F7C405 /* GoogleMapsViewController.swift */,
			);
			path = StartGps;
			sourceTree = "<group>";
		};
		3680BA7A291C981D00ADEDAE /* StartGpsTests */ = {
			isa = PBXGroup;
			children = (
				3680BA7B291C981D00ADEDAE /* StartGpsTests.swift */,
			);
			path = StartGpsTests;
			sourceTree = "<group>";
		};
		3680BA84291C981E00ADEDAE /* StartGpsUITests */ = {
			isa = PBXGroup;
			children = (
				3680BA85291C981E00ADEDAE /* StartGpsUITests.swift */,
				3680BA87291C981E00ADEDAE /* StartGpsUITestsLaunchTests.swift */,
			);
			path = StartGpsUITests;
			sourceTree = "<group>";
		};
		3967C67A25EBCB45785C7FBC /* Frameworks */ = {
			isa = PBXGroup;
			children = (
				E860F5AD8273FE67B4AB5495 /* Pods_StartGps.framework */,
				FF8ABEEA9DCCCE3930A0D6BF /* Pods_StartGps_StartGpsUITests.framework */,
				CC2877048A05C250E035552E /* Pods_StartGpsTests.framework */,
			);
			name = Frameworks;
			sourceTree = "<group>";
		};
		963BADE6CFA4EA18F2AA23F0 /* Pods */ = {
			isa = PBXGroup;
			children = (
				196856C5D4706EF7EE28C0B3 /* Pods-StartGps.debug.xcconfig */,
				5868092D6DFE5334F8CC01E2 /* Pods-StartGps.release.xcconfig */,
				A6586E6ADDA7E04D37B56CCB /* Pods-StartGps-StartGpsUITests.debug.xcconfig */,
				4C7D09FBACCD398290813475 /* Pods-StartGps-StartGpsUITests.release.xcconfig */,
				AB9AAB201468845C53577100 /* Pods-StartGpsTests.debug.xcconfig */,
				8428176062DDE6F20D7A5ED8 /* Pods-StartGpsTests.release.xcconfig */,
			);
			path = Pods;
			sourceTree = "<group>";
		};
/* End PBXGroup section */

/* Begin PBXNativeTarget section */
		3680BA60291C981B00ADEDAE /* StartGps */ = {
			isa = PBXNativeTarget;
			buildConfigurationList = 3680BA8B291C981E00ADEDAE /* Build configuration list for PBXNativeTarget "StartGps" */;
			buildPhases = (
				44C22B02416702AA32CB6A96 /* [CP] Check Pods Manifest.lock */,
				3680BA5D291C981B00ADEDAE /* Sources */,
				3680BA5E291C981B00ADEDAE /* Frameworks */,
				3680BA5F291C981B00ADEDAE /* Resources */,
				57413186FEE622300DD7B2E9 /* [CP] Copy Pods Resources */,
			);
			buildRules = (
			);
			dependencies = (
			);
			name = StartGps;
			productName = StartGps;
			productReference = 3680BA61291C981B00ADEDAE /* StartGps.app */;
			productType = "com.apple.product-type.application";
		};
		3680BA76291C981D00ADEDAE /* StartGpsTests */ = {
			isa = PBXNativeTarget;
			buildConfigurationList = 3680BA8E291C981E00ADEDAE /* Build configuration list for PBXNativeTarget "StartGpsTests" */;
			buildPhases = (
				FA534D8BE6CCA7013D204731 /* [CP] Check Pods Manifest.lock */,
				3680BA73291C981D00ADEDAE /* Sources */,
				3680BA74291C981D00ADEDAE /* Frameworks */,
				3680BA75291C981D00ADEDAE /* Resources */,
			);
			buildRules = (
			);
			dependencies = (
				3680BA79291C981D00ADEDAE /* PBXTargetDependency */,
			);
			name = StartGpsTests;
			productName = StartGpsTests;
			productReference = 3680BA77291C981D00ADEDAE /* StartGpsTests.xctest */;
			productType = "com.apple.product-type.bundle.unit-test";
		};
		3680BA80291C981E00ADEDAE /* StartGpsUITests */ = {
			isa = PBXNativeTarget;
			buildConfigurationList = 3680BA91291C981E00ADEDAE /* Build configuration list for PBXNativeTarget "StartGpsUITests" */;
			buildPhases = (
				4AF109952D5AFE7086FD8307 /* [CP] Check Pods Manifest.lock */,
				3680BA7D291C981E00ADEDAE /* Sources */,
				3680BA7E291C981E00ADEDAE /* Frameworks */,
				3680BA7F291C981E00ADEDAE /* Resources */,
				5B0279864EA79F9DE7FF462E /* [CP] Copy Pods Resources */,
			);
			buildRules = (
			);
			dependencies = (
				3680BA83291C981E00ADEDAE /* PBXTargetDependency */,
			);
			name = StartGpsUITests;
			productName = StartGpsUITests;
			productReference = 3680BA81291C981E00ADEDAE /* StartGpsUITests.xctest */;
			productType = "com.apple.product-type.bundle.ui-testing";
		};
/* End PBXNativeTarget section */

/* Begin PBXProject section */
		3680BA59291C981B00ADEDAE /* Project object */ = {
			isa = PBXProject;
			attributes = {
				BuildIndependentTargetsInParallel = 1;
				LastSwiftUpdateCheck = 1340;
				LastUpgradeCheck = 1340;
				TargetAttributes = {
					3680BA60291C981B00ADEDAE = {
						CreatedOnToolsVersion = 13.4.1;
					};
					3680BA76291C981D00ADEDAE = {
						CreatedOnToolsVersion = 13.4.1;
						TestTargetID = 3680BA60291C981B00ADEDAE;
					};
					3680BA80291C981E00ADEDAE = {
						CreatedOnToolsVersion = 13.4.1;
						TestTargetID = 3680BA60291C981B00ADEDAE;
					};
				};
			};
			buildConfigurationList = 3680BA5C291C981B00ADEDAE /* Build configuration list for PBXProject "StartGps" */;
			compatibilityVersion = "Xcode 13.0";
			developmentRegion = en;
			hasScannedForEncodings = 0;
			knownRegions = (
				en,
				Base,
			);
			mainGroup = 3680BA58291C981B00ADEDAE;
			productRefGroup = 3680BA62291C981B00ADEDAE /* Products */;
			projectDirPath = "";
			projectRoot = "";
			targets = (
				3680BA60291C981B00ADEDAE /* StartGps */,
				3680BA76291C981D00ADEDAE /* StartGpsTests */,
				3680BA80291C981E00ADEDAE /* StartGpsUITests */,
			);
		};
/* End PBXProject section */

/* Begin PBXResourcesBuildPhase section */
		3680BA5F291C981B00ADEDAE /* Resources */ = {
			isa = PBXResourcesBuildPhase;
			buildActionMask = 2147483647;
			files = (
				36ECD29F2922113100F59F05 /* LocationData.json in Resources */,
				3680BA71291C981D00ADEDAE /* LaunchScreen.storyboard in Resources */,
				3680BA6E291C981D00ADEDAE /* Assets.xcassets in Resources */,
				3680BA6C291C981B00ADEDAE /* Main.storyboard in Resources */,
			);
			runOnlyForDeploymentPostprocessing = 0;
		};
		3680BA75291C981D00ADEDAE /* Resources */ = {
			isa = PBXResourcesBuildPhase;
			buildActionMask = 2147483647;
			files = (
			);
			runOnlyForDeploymentPostprocessing = 0;
		};
		3680BA7F291C981E00ADEDAE /* Resources */ = {
			isa = PBXResourcesBuildPhase;
			buildActionMask = 2147483647;
			files = (
			);
			runOnlyForDeploymentPostprocessing = 0;
		};
/* End PBXResourcesBuildPhase section */

/* Begin PBXShellScriptBuildPhase section */
		44C22B02416702AA32CB6A96 /* [CP] Check Pods Manifest.lock */ = {
			isa = PBXShellScriptBuildPhase;
			buildActionMask = 2147483647;
			files = (
			);
			inputFileListPaths = (
			);
			inputPaths = (
				"${PODS_PODFILE_DIR_PATH}/Podfile.lock",
				"${PODS_ROOT}/Manifest.lock",
			);
			name = "[CP] Check Pods Manifest.lock";
			outputFileListPaths = (
			);
			outputPaths = (
				"$(DERIVED_FILE_DIR)/Pods-StartGps-checkManifestLockResult.txt",
			);
			runOnlyForDeploymentPostprocessing = 0;
			shellPath = /bin/sh;
			shellScript = "diff \"${PODS_PODFILE_DIR_PATH}/Podfile.lock\" \"${PODS_ROOT}/Manifest.lock\" > /dev/null\nif [ $? != 0 ] ; then\n    # print error to STDERR\n    echo \"error: The sandbox is not in sync with the Podfile.lock. Run 'pod install' or update your CocoaPods installation.\" >&2\n    exit 1\nfi\n# This output is used by Xcode 'outputs' to avoid re-running this script phase.\necho \"SUCCESS\" > \"${SCRIPT_OUTPUT_FILE_0}\"\n";
			showEnvVarsInLog = 0;
		};
		4AF109952D5AFE7086FD8307 /* [CP] Check Pods Manifest.lock */ = {
			isa = PBXShellScriptBuildPhase;
			buildActionMask = 2147483647;
			files = (
			);
			inputFileListPaths = (
			);
			inputPaths = (
				"${PODS_PODFILE_DIR_PATH}/Podfile.lock",
				"${PODS_ROOT}/Manifest.lock",
			);
			name = "[CP] Check Pods Manifest.lock";
			outputFileListPaths = (
			);
			outputPaths = (
				"$(DERIVED_FILE_DIR)/Pods-StartGps-StartGpsUITests-checkManifestLockResult.txt",
			);
			runOnlyForDeploymentPostprocessing = 0;
			shellPath = /bin/sh;
			shellScript = "diff \"${PODS_PODFILE_DIR_PATH}/Podfile.lock\" \"${PODS_ROOT}/Manifest.lock\" > /dev/null\nif [ $? != 0 ] ; then\n    # print error to STDERR\n    echo \"error: The sandbox is not in sync with the Podfile.lock. Run 'pod install' or update your CocoaPods installation.\" >&2\n    exit 1\nfi\n# This output is used by Xcode 'outputs' to avoid re-running this script phase.\necho \"SUCCESS\" > \"${SCRIPT_OUTPUT_FILE_0}\"\n";
			showEnvVarsInLog = 0;
		};
		57413186FEE622300DD7B2E9 /* [CP] Copy Pods Resources */ = {
			isa = PBXShellScriptBuildPhase;
			buildActionMask = 2147483647;
			files = (
			);
			inputFileListPaths = (
				"${PODS_ROOT}/Target Support Files/Pods-StartGps/Pods-StartGps-resources-${CONFIGURATION}-input-files.xcfilelist",
			);
			name = "[CP] Copy Pods Resources";
			outputFileListPaths = (
				"${PODS_ROOT}/Target Support Files/Pods-StartGps/Pods-StartGps-resources-${CONFIGURATION}-output-files.xcfilelist",
			);
			runOnlyForDeploymentPostprocessing = 0;
			shellPath = /bin/sh;
			shellScript = "\"${PODS_ROOT}/Target Support Files/Pods-StartGps/Pods-StartGps-resources.sh\"\n";
			showEnvVarsInLog = 0;
		};
		5B0279864EA79F9DE7FF462E /* [CP] Copy Pods Resources */ = {
			isa = PBXShellScriptBuildPhase;
			buildActionMask = 2147483647;
			files = (
			);
			inputFileListPaths = (
				"${PODS_ROOT}/Target Support Files/Pods-StartGps-StartGpsUITests/Pods-StartGps-StartGpsUITests-resources-${CONFIGURATION}-input-files.xcfilelist",
			);
			name = "[CP] Copy Pods Resources";
			outputFileListPaths = (
				"${PODS_ROOT}/Target Support Files/Pods-StartGps-StartGpsUITests/Pods-StartGps-StartGpsUITests-resources-${CONFIGURATION}-output-files.xcfilelist",
			);
			runOnlyForDeploymentPostprocessing = 0;
			shellPath = /bin/sh;
			shellScript = "\"${PODS_ROOT}/Target Support Files/Pods-StartGps-StartGpsUITests/Pods-StartGps-StartGpsUITests-resources.sh\"\n";
			showEnvVarsInLog = 0;
		};
		FA534D8BE6CCA7013D204731 /* [CP] Check Pods Manifest.lock */ = {
			isa = PBXShellScriptBuildPhase;
			buildActionMask = 2147483647;
			files = (
			);
			inputFileListPaths = (
			);
			inputPaths = (
				"${PODS_PODFILE_DIR_PATH}/Podfile.lock",
				"${PODS_ROOT}/Manifest.lock",
			);
			name = "[CP] Check Pods Manifest.lock";
			outputFileListPaths = (
			);
			outputPaths = (
				"$(DERIVED_FILE_DIR)/Pods-StartGpsTests-checkManifestLockResult.txt",
			);
			runOnlyForDeploymentPostprocessing = 0;
			shellPath = /bin/sh;
			shellScript = "diff \"${PODS_PODFILE_DIR_PATH}/Podfile.lock\" \"${PODS_ROOT}/Manifest.lock\" > /dev/null\nif [ $? != 0 ] ; then\n    # print error to STDERR\n    echo \"error: The sandbox is not in sync with the Podfile.lock. Run 'pod install' or update your CocoaPods installation.\" >&2\n    exit 1\nfi\n# This output is used by Xcode 'outputs' to avoid re-running this script phase.\necho \"SUCCESS\" > \"${SCRIPT_OUTPUT_FILE_0}\"\n";
			showEnvVarsInLog = 0;
		};
/* End PBXShellScriptBuildPhase section */

/* Begin PBXSourcesBuildPhase section */
		3680BA5D291C981B00ADEDAE /* Sources */ = {
			isa = PBXSourcesBuildPhase;
			buildActionMask = 2147483647;
			files = (
				36ECD2A12922115900F59F05 /* ModelPath.swift in Sources */,
				36ECD2A32922117C00F59F05 /* MapPathViewModel.swift in Sources */,
				3662FA9D2922251200F7C405 /* GoogleMapsViewController.swift in Sources */,
				3680BA65291C981B00ADEDAE /* AppDelegate.swift in Sources */,
				3680BA67291C981B00ADEDAE /* SceneDelegate.swift in Sources */,
			);
			runOnlyForDeploymentPostprocessing = 0;
		};
		3680BA73291C981D00ADEDAE /* Sources */ = {
			isa = PBXSourcesBuildPhase;
			buildActionMask = 2147483647;
			files = (
				3680BA7C291C981D00ADEDAE /* StartGpsTests.swift in Sources */,
			);
			runOnlyForDeploymentPostprocessing = 0;
		};
		3680BA7D291C981E00ADEDAE /* Sources */ = {
			isa = PBXSourcesBuildPhase;
			buildActionMask = 2147483647;
			files = (
				3680BA88291C981E00ADEDAE /* StartGpsUITestsLaunchTests.swift in Sources */,
				3680BA86291C981E00ADEDAE /* StartGpsUITests.swift in Sources */,
			);
			runOnlyForDeploymentPostprocessing = 0;
		};
/* End PBXSourcesBuildPhase section */

/* Begin PBXTargetDependency section */
		3680BA79291C981D00ADEDAE /* PBXTargetDependency */ = {
			isa = PBXTargetDependency;
			target = 3680BA60291C981B00ADEDAE /* StartGps */;
			targetProxy = 3680BA78291C981D00ADEDAE /* PBXContainerItemProxy */;
		};
		3680BA83291C981E00ADEDAE /* PBXTargetDependency */ = {
			isa = PBXTargetDependency;
			target = 3680BA60291C981B00ADEDAE /* StartGps */;
			targetProxy = 3680BA82291C981E00ADEDAE /* PBXContainerItemProxy */;
		};
/* End PBXTargetDependency section */

/* Begin PBXVariantGroup section */
		3680BA6A291C981B00ADEDAE /* Main.storyboard */ = {
			isa = PBXVariantGroup;
			children = (
				3680BA6B291C981B00ADEDAE /* Base */,
			);
			name = Main.storyboard;
			sourceTree = "<group>";
		};
		3680BA6F291C981D00ADEDAE /* LaunchScreen.storyboard */ = {
			isa = PBXVariantGroup;
			children = (
				3680BA70291C981D00ADEDAE /* Base */,
			);
			name = LaunchScreen.storyboard;
			sourceTree = "<group>";
		};
/* End PBXVariantGroup section */

/* Begin XCBuildConfiguration section */
		3680BA89291C981E00ADEDAE /* Debug */ = {
			isa = XCBuildConfiguration;
			buildSettings = {
				ALWAYS_SEARCH_USER_PATHS = NO;
				CLANG_ANALYZER_NONNULL = YES;
				CLANG_ANALYZER_NUMBER_OBJECT_CONVERSION = YES_AGGRESSIVE;
				CLANG_CXX_LANGUAGE_STANDARD = "gnu++17";
				CLANG_ENABLE_MODULES = YES;
				CLANG_ENABLE_OBJC_ARC = YES;
				CLANG_ENABLE_OBJC_WEAK = YES;
				CLANG_WARN_BLOCK_CAPTURE_AUTORELEASING = YES;
				CLANG_WARN_BOOL_CONVERSION = YES;
				CLANG_WARN_COMMA = YES;
				CLANG_WARN_CONSTANT_CONVERSION = YES;
				CLANG_WARN_DEPRECATED_OBJC_IMPLEMENTATIONS = YES;
				CLANG_WARN_DIRECT_OBJC_ISA_USAGE = YES_ERROR;
				CLANG_WARN_DOCUMENTATION_COMMENTS = YES;
				CLANG_WARN_EMPTY_BODY = YES;
				CLANG_WARN_ENUM_CONVERSION = YES;
				CLANG_WARN_INFINITE_RECURSION = YES;
				CLANG_WARN_INT_CONVERSION = YES;
				CLANG_WARN_NON_LITERAL_NULL_CONVERSION = YES;
				CLANG_WARN_OBJC_IMPLICIT_RETAIN_SELF = YES;
				CLANG_WARN_OBJC_LITERAL_CONVERSION = YES;
				CLANG_WARN_OBJC_ROOT_CLASS = YES_ERROR;
				CLANG_WARN_QUOTED_INCLUDE_IN_FRAMEWORK_HEADER = YES;
				CLANG_WARN_RANGE_LOOP_ANALYSIS = YES;
				CLANG_WARN_STRICT_PROTOTYPES = YES;
				CLANG_WARN_SUSPICIOUS_MOVE = YES;
				CLANG_WARN_UNGUARDED_AVAILABILITY = YES_AGGRESSIVE;
				CLANG_WARN_UNREACHABLE_CODE = YES;
				CLANG_WARN__DUPLICATE_METHOD_MATCH = YES;
				COPY_PHASE_STRIP = NO;
				DEBUG_INFORMATION_FORMAT = dwarf;
				ENABLE_STRICT_OBJC_MSGSEND = YES;
				ENABLE_TESTABILITY = YES;
				GCC_C_LANGUAGE_STANDARD = gnu11;
				GCC_DYNAMIC_NO_PIC = NO;
				GCC_NO_COMMON_BLOCKS = YES;
				GCC_OPTIMIZATION_LEVEL = 0;
				GCC_PREPROCESSOR_DEFINITIONS = (
					"DEBUG=1",
					"$(inherited)",
				);
				GCC_WARN_64_TO_32_BIT_CONVERSION = YES;
				GCC_WARN_ABOUT_RETURN_TYPE = YES_ERROR;
				GCC_WARN_UNDECLARED_SELECTOR = YES;
				GCC_WARN_UNINITIALIZED_AUTOS = YES_AGGRESSIVE;
				GCC_WARN_UNUSED_FUNCTION = YES;
				GCC_WARN_UNUSED_VARIABLE = YES;
				IPHONEOS_DEPLOYMENT_TARGET = 15.5;
				MTL_ENABLE_DEBUG_INFO = INCLUDE_SOURCE;
				MTL_FAST_MATH = YES;
				ONLY_ACTIVE_ARCH = YES;
				SDKROOT = iphoneos;
				SWIFT_ACTIVE_COMPILATION_CONDITIONS = DEBUG;
				SWIFT_OPTIMIZATION_LEVEL = "-Onone";
			};
			name = Debug;
		};
		3680BA8A291C981E00ADEDAE /* Release */ = {
			isa = XCBuildConfiguration;
			buildSettings = {
				ALWAYS_SEARCH_USER_PATHS = NO;
				CLANG_ANALYZER_NONNULL = YES;
				CLANG_ANALYZER_NUMBER_OBJECT_CONVERSION = YES_AGGRESSIVE;
				CLANG_CXX_LANGUAGE_STANDARD = "gnu++17";
				CLANG_ENABLE_MODULES = YES;
				CLANG_ENABLE_OBJC_ARC = YES;
				CLANG_ENABLE_OBJC_WEAK = YES;
				CLANG_WARN_BLOCK_CAPTURE_AUTORELEASING = YES;
				CLANG_WARN_BOOL_CONVERSION = YES;
				CLANG_WARN_COMMA = YES;
				CLANG_WARN_CONSTANT_CONVERSION = YES;
				CLANG_WARN_DEPRECATED_OBJC_IMPLEMENTATIONS = YES;
				CLANG_WARN_DIRECT_OBJC_ISA_USAGE = YES_ERROR;
				CLANG_WARN_DOCUMENTATION_COMMENTS = YES;
				CLANG_WARN_EMPTY_BODY = YES;
				CLANG_WARN_ENUM_CONVERSION = YES;
				CLANG_WARN_INFINITE_RECURSION = YES;
				CLANG_WARN_INT_CONVERSION = YES;
				CLANG_WARN_NON_LITERAL_NULL_CONVERSION = YES;
				CLANG_WARN_OBJC_IMPLICIT_RETAIN_SELF = YES;
				CLANG_WARN_OBJC_LITERAL_CONVERSION = YES;
				CLANG_WARN_OBJC_ROOT_CLASS = YES_ERROR;
				CLANG_WARN_QUOTED_INCLUDE_IN_FRAMEWORK_HEADER = YES;
				CLANG_WARN_RANGE_LOOP_ANALYSIS = YES;
				CLANG_WARN_STRICT_PROTOTYPES = YES;
				CLANG_WARN_SUSPICIOUS_MOVE = YES;
				CLANG_WARN_UNGUARDED_AVAILABILITY = YES_AGGRESSIVE;
				CLANG_WARN_UNREACHABLE_CODE = YES;
				CLANG_WARN__DUPLICATE_METHOD_MATCH = YES;
				COPY_PHASE_STRIP = NO;
				DEBUG_INFORMATION_FORMAT = "dwarf-with-dsym";
				ENABLE_NS_ASSERTIONS = NO;
				ENABLE_STRICT_OBJC_MSGSEND = YES;
				GCC_C_LANGUAGE_STANDARD = gnu11;
				GCC_NO_COMMON_BLOCKS = YES;
				GCC_WARN_64_TO_32_BIT_CONVERSION = YES;
				GCC_WARN_ABOUT_RETURN_TYPE = YES_ERROR;
				GCC_WARN_UNDECLARED_SELECTOR = YES;
				GCC_WARN_UNINITIALIZED_AUTOS = YES_AGGRESSIVE;
				GCC_WARN_UNUSED_FUNCTION = YES;
				GCC_WARN_UNUSED_VARIABLE = YES;
				IPHONEOS_DEPLOYMENT_TARGET = 15.5;
				MTL_ENABLE_DEBUG_INFO = NO;
				MTL_FAST_MATH = YES;
				SDKROOT = iphoneos;
				SWIFT_COMPILATION_MODE = wholemodule;
				SWIFT_OPTIMIZATION_LEVEL = "-O";
				VALIDATE_PRODUCT = YES;
			};
			name = Release;
		};
		3680BA8C291C981E00ADEDAE /* Debug */ = {
			isa = XCBuildConfiguration;
			baseConfigurationReference = 196856C5D4706EF7EE28C0B3 /* Pods-StartGps.debug.xcconfig */;
			buildSettings = {
				ASSETCATALOG_COMPILER_APPICON_NAME = AppIcon;
				ASSETCATALOG_COMPILER_GLOBAL_ACCENT_COLOR_NAME = AccentColor;
				CODE_SIGN_STYLE = Automatic;
				CURRENT_PROJECT_VERSION = 1;
				DEVELOPMENT_TEAM = S2CWGX338Z;
				GENERATE_INFOPLIST_FILE = YES;
				INFOPLIST_FILE = StartGps/Info.plist;
				INFOPLIST_KEY_UIApplicationSupportsIndirectInputEvents = YES;
				INFOPLIST_KEY_UILaunchStoryboardName = LaunchScreen;
				INFOPLIST_KEY_UIMainStoryboardFile = Main;
				INFOPLIST_KEY_UISupportedInterfaceOrientations_iPad = "UIInterfaceOrientationPortrait UIInterfaceOrientationPortraitUpsideDown UIInterfaceOrientationLandscapeLeft UIInterfaceOrientationLandscapeRight";
				INFOPLIST_KEY_UISupportedInterfaceOrientations_iPhone = "UIInterfaceOrientationPortrait UIInterfaceOrientationLandscapeLeft UIInterfaceOrientationLandscapeRight";
				LD_RUNPATH_SEARCH_PATHS = (
					"$(inherited)",
					"@executable_path/Frameworks",
				);
				MARKETING_VERSION = 1.0;
				PRODUCT_BUNDLE_IDENTIFIER = asd.StartGps;
				PRODUCT_NAME = "$(TARGET_NAME)";
				SWIFT_EMIT_LOC_STRINGS = YES;
				SWIFT_VERSION = 5.0;
				TARGETED_DEVICE_FAMILY = "1,2";
			};
			name = Debug;
		};
		3680BA8D291C981E00ADEDAE /* Release */ = {
			isa = XCBuildConfiguration;
			baseConfigurationReference = 5868092D6DFE5334F8CC01E2 /* Pods-StartGps.release.xcconfig */;
			buildSettings = {
				ASSETCATALOG_COMPILER_APPICON_NAME = AppIcon;
				ASSETCATALOG_COMPILER_GLOBAL_ACCENT_COLOR_NAME = AccentColor;
				CODE_SIGN_STYLE = Automatic;
				CURRENT_PROJECT_VERSION = 1;
				DEVELOPMENT_TEAM = S2CWGX338Z;
				GENERATE_INFOPLIST_FILE = YES;
				INFOPLIST_FILE = StartGps/Info.plist;
				INFOPLIST_KEY_UIApplicationSupportsIndirectInputEvents = YES;
				INFOPLIST_KEY_UILaunchStoryboardName = LaunchScreen;
				INFOPLIST_KEY_UIMainStoryboardFile = Main;
				INFOPLIST_KEY_UISupportedInterfaceOrientations_iPad = "UIInterfaceOrientationPortrait UIInterfaceOrientationPortraitUpsideDown UIInterfaceOrientationLandscapeLeft UIInterfaceOrientationLandscapeRight";
				INFOPLIST_KEY_UISupportedInterfaceOrientations_iPhone = "UIInterfaceOrientationPortrait UIInterfaceOrientationLandscapeLeft UIInterfaceOrientationLandscapeRight";
				LD_RUNPATH_SEARCH_PATHS = (
					"$(inherited)",
					"@executable_path/Frameworks",
				);
				MARKETING_VERSION = 1.0;
				PRODUCT_BUNDLE_IDENTIFIER = asd.StartGps;
				PRODUCT_NAME = "$(TARGET_NAME)";
				SWIFT_EMIT_LOC_STRINGS = YES;
				SWIFT_VERSION = 5.0;
				TARGETED_DEVICE_FAMILY = "1,2";
			};
			name = Release;
		};
		3680BA8F291C981E00ADEDAE /* Debug */ = {
			isa = XCBuildConfiguration;
			baseConfigurationReference = AB9AAB201468845C53577100 /* Pods-StartGpsTests.debug.xcconfig */;
			buildSettings = {
				ALWAYS_EMBED_SWIFT_STANDARD_LIBRARIES = YES;
				BUNDLE_LOADER = "$(TEST_HOST)";
				CODE_SIGN_STYLE = Automatic;
				CURRENT_PROJECT_VERSION = 1;
				GENERATE_INFOPLIST_FILE = YES;
				IPHONEOS_DEPLOYMENT_TARGET = 15.5;
				MARKETING_VERSION = 1.0;
				PRODUCT_BUNDLE_IDENTIFIER = asd.StartGpsTests;
				PRODUCT_NAME = "$(TARGET_NAME)";
				SWIFT_EMIT_LOC_STRINGS = NO;
				SWIFT_VERSION = 5.0;
				TARGETED_DEVICE_FAMILY = "1,2";
				TEST_HOST = "$(BUILT_PRODUCTS_DIR)/StartGps.app/StartGps";
			};
			name = Debug;
		};
		3680BA90291C981E00ADEDAE /* Release */ = {
			isa = XCBuildConfiguration;
			baseConfigurationReference = 8428176062DDE6F20D7A5ED8 /* Pods-StartGpsTests.release.xcconfig */;
			buildSettings = {
				ALWAYS_EMBED_SWIFT_STANDARD_LIBRARIES = YES;
				BUNDLE_LOADER = "$(TEST_HOST)";
				CODE_SIGN_STYLE = Automatic;
				CURRENT_PROJECT_VERSION = 1;
				GENERATE_INFOPLIST_FILE = YES;
				IPHONEOS_DEPLOYMENT_TARGET = 15.5;
				MARKETING_VERSION = 1.0;
				PRODUCT_BUNDLE_IDENTIFIER = asd.StartGpsTests;
				PRODUCT_NAME = "$(TARGET_NAME)";
				SWIFT_EMIT_LOC_STRINGS = NO;
				SWIFT_VERSION = 5.0;
				TARGETED_DEVICE_FAMILY = "1,2";
				TEST_HOST = "$(BUILT_PRODUCTS_DIR)/StartGps.app/StartGps";
			};
			name = Release;
		};
		3680BA92291C981E00ADEDAE /* Debug */ = {
			isa = XCBuildConfiguration;
			baseConfigurationReference = A6586E6ADDA7E04D37B56CCB /* Pods-StartGps-StartGpsUITests.debug.xcconfig */;
			buildSettings = {
				ALWAYS_EMBED_SWIFT_STANDARD_LIBRARIES = YES;
				CODE_SIGN_STYLE = Automatic;
				CURRENT_PROJECT_VERSION = 1;
				GENERATE_INFOPLIST_FILE = YES;
				MARKETING_VERSION = 1.0;
				PRODUCT_BUNDLE_IDENTIFIER = asd.StartGpsUITests;
				PRODUCT_NAME = "$(TARGET_NAME)";
				SWIFT_EMIT_LOC_STRINGS = NO;
				SWIFT_VERSION = 5.0;
				TARGETED_DEVICE_FAMILY = "1,2";
				TEST_TARGET_NAME = StartGps;
			};
			name = Debug;
		};
		3680BA93291C981E00ADEDAE /* Release */ = {
			isa = XCBuildConfiguration;
			baseConfigurationReference = 4C7D09FBACCD398290813475 /* Pods-StartGps-StartGpsUITests.release.xcconfig */;
			buildSettings = {
				ALWAYS_EMBED_SWIFT_STANDARD_LIBRARIES = YES;
				CODE_SIGN_STYLE = Automatic;
				CURRENT_PROJECT_VERSION = 1;
				GENERATE_INFOPLIST_FILE = YES;
				MARKETING_VERSION = 1.0;
				PRODUCT_BUNDLE_IDENTIFIER = asd.StartGpsUITests;
				PRODUCT_NAME = "$(TARGET_NAME)";
				SWIFT_EMIT_LOC_STRINGS = NO;
				SWIFT_VERSION = 5.0;
				TARGETED_DEVICE_FAMILY = "1,2";
				TEST_TARGET_NAME = StartGps;
			};
			name = Release;
		};
/* End XCBuildConfiguration section */

/* Begin XCConfigurationList section */
		3680BA5C291C981B00ADEDAE /* Build configuration list for PBXProject "StartGps" */ = {
			isa = XCConfigurationList;
			buildConfigurations = (
				3680BA89291C981E00ADEDAE /* Debug */,
				3680BA8A291C981E00ADEDAE /* Release */,
			);
			defaultConfigurationIsVisible = 0;
			defaultConfigurationName = Release;
		};
		3680BA8B291C981E00ADEDAE /* Build configuration list for PBXNativeTarget "StartGps" */ = {
			isa = XCConfigurationList;
			buildConfigurations = (
				3680BA8C291C981E00ADEDAE /* Debug */,
				3680BA8D291C981E00ADEDAE /* Release */,
			);
			defaultConfigurationIsVisible = 0;
			defaultConfigurationName = Release;
		};
		3680BA8E291C981E00ADEDAE /* Build configuration list for PBXNativeTarget "StartGpsTests" */ = {
			isa = XCConfigurationList;
			buildConfigurations = (
				3680BA8F291C981E00ADEDAE /* Debug */,
				3680BA90291C981E00ADEDAE /* Release */,
			);
			defaultConfigurationIsVisible = 0;
			defaultConfigurationName = Release;
		};
		3680BA91291C981E00ADEDAE /* Build configuration list for PBXNativeTarget "StartGpsUITests" */ = {
			isa = XCConfigurationList;
			buildConfigurations = (
				3680BA92291C981E00ADEDAE /* Debug */,
				3680BA93291C981E00ADEDAE /* Release */,
			);
			defaultConfigurationIsVisible = 0;
			defaultConfigurationName = Release;
		};
/* End XCConfigurationList section */
	};
	rootObject = 3680BA59291C981B00ADEDAE /* Project object */;
}
